
Microsoft Visual Studio Solution File, Format Version 12.00
# Visual Studio 15
VisualStudioVersion = 15.0.28010.2041
MinimumVisualStudioVersion = 10.0.40219.1
Project("{FAE04EC0-301F-11D3-BF4B-00C04F79EFBC}") = "Planner", "Planner\Planner.csproj", "{05496052-1B25-405C-A8E4-C453281E2217}"
EndProject
Global
	GlobalSection(SolutionConfigurationPlatforms) = preSolution
		Debug|Any CPU = Debug|Any CPU
		Release|Any CPU = Release|Any CPU
	EndGlobalSection
	GlobalSection(ProjectConfigurationPlatforms) = postSolution
		{05496052-1B25-405C-A8E4-C453281E2217}.Debug|Any CPU.ActiveCfg = Debug|Any CPU
		{05496052-1B25-405C-A8E4-C453281E2217}.Debug|Any CPU.Build.0 = Debug|Any CPU
		{05496052-1B25-405C-A8E4-C453281E2217}.Release|Any CPU.ActiveCfg = Release|Any CPU
		{05496052-1B25-405C-A8E4-C453281E2217}.Release|Any CPU.Build.0 = Release|Any CPU
	EndGlobalSection
	GlobalSection(SolutionProperties) = preSolution
		HideSolutionNode = FALSE
	EndGlobalSection
	GlobalSection(ExtensibilityGlobals) = postSolution
		SolutionGuid = {E0E5E282-0B4B-426F-B0A1-29F611BCBF89}
	EndGlobalSection
EndGlobal
